
Microsoft Visual Studio Solution File, Format Version 12.00
# Visual Studio 15
VisualStudioVersion = 15.0.28307.489
MinimumVisualStudioVersion = 10.0.40219.1
Project("{FAE04EC0-301F-11D3-BF4B-00C04F79EFBC}") = "GluttonousSnake", "GluttonousSnake\GluttonousSnake.csproj", "{F3E5D95D-40FB-4CAB-9731-4157CD61F373}"
EndProject
Global
	GlobalSection(SolutionConfigurationPlatforms) = preSolution
		Debug|Any CPU = Debug|Any CPU
		Release|Any CPU = Release|Any CPU
	EndGlobalSection
	GlobalSection(ProjectConfigurationPlatforms) = postSolution
		{F3E5D95D-40FB-4CAB-9731-4157CD61F373}.Debug|Any CPU.ActiveCfg = Debug|Any CPU
		{F3E5D95D-40FB-4CAB-9731-4157CD61F373}.Debug|Any CPU.Build.0 = Debug|Any CPU
		{F3E5D95D-40FB-4CAB-9731-4157CD61F373}.Release|Any CPU.ActiveCfg = Release|Any CPU
		{F3E5D95D-40FB-4CAB-9731-4157CD61F373}.Release|Any CPU.Build.0 = Release|Any CPU
	EndGlobalSection
	GlobalSection(SolutionProperties) = preSolution
		HideSolutionNode = FALSE
	EndGlobalSection
	GlobalSection(ExtensibilityGlobals) = postSolution
		SolutionGuid = {59AEB677-C362-4273-9B7E-C818A1A2CD4D}
	EndGlobalSection
EndGlobal
